
Microsoft Visual Studio Solution File, Format Version 12.00
# Visual Studio 15
VisualStudioVersion = 15.0.27703.2026
MinimumVisualStudioVersion = 10.0.40219.1
Project("{FAE04EC0-301F-11D3-BF4B-00C04F79EFBC}") = "DealerManagementSystem", "DealerManagementSystem\DealerManagementSystem.csproj", "{390B068F-76B7-412E-9951-70B837613715}"
EndProject
Global
	GlobalSection(SolutionConfigurationPlatforms) = preSolution
		Debug|Any CPU = Debug|Any CPU
		Release|Any CPU = Release|Any CPU
	EndGlobalSection
	GlobalSection(ProjectConfigurationPlatforms) = postSolution
		{390B068F-76B7-412E-9951-70B837613715}.Debug|Any CPU.ActiveCfg = Debug|Any CPU
		{390B068F-76B7-412E-9951-70B837613715}.Debug|Any CPU.Build.0 = Debug|Any CPU
		{390B068F-76B7-412E-9951-70B837613715}.Release|Any CPU.ActiveCfg = Release|Any CPU
		{390B068F-76B7-412E-9951-70B837613715}.Release|Any CPU.Build.0 = Release|Any CPU
	EndGlobalSection
	GlobalSection(SolutionProperties) = preSolution
		HideSolutionNode = FALSE
	EndGlobalSection
	GlobalSection(ExtensibilityGlobals) = postSolution
		SolutionGuid = {F8E18F57-C763-4E0D-A872-AD2998F0129D}
	EndGlobalSection
EndGlobal
